
Microsoft Visual Studio Solution File, Format Version 12.00
# Visual Studio 15
VisualStudioVersion = 15.0.28010.2048
MinimumVisualStudioVersion = 10.0.40219.1
Project("{9A19103F-16F7-4668-BE54-9A1E7A4F7556}") = "Gluh.TechnicalTest", "Gluh.TechnicalTest\Gluh.TechnicalTest.csproj", "{B269FB0E-C0EE-4E08-BFD1-E5115DC76BAC}"
EndProject
Project("{FAE04EC0-301F-11D3-BF4B-00C04F79EFBC}") = "Gluh.TechnicalTest.Tests", "Gluh.TechnicalTest.Tests\Gluh.TechnicalTest.Tests.csproj", "{474D34DB-CE94-43D4-999C-22E701B550E2}"
EndProject
Global
	GlobalSection(SolutionConfigurationPlatforms) = preSolution
		Debug|Any CPU = Debug|Any CPU
		Release|Any CPU = Release|Any CPU
	EndGlobalSection
	GlobalSection(ProjectConfigurationPlatforms) = postSolution
		{B269FB0E-C0EE-4E08-BFD1-E5115DC76BAC}.Debug|Any CPU.ActiveCfg = Debug|Any CPU
		{B269FB0E-C0EE-4E08-BFD1-E5115DC76BAC}.Debug|Any CPU.Build.0 = Debug|Any CPU
		{B269FB0E-C0EE-4E08-BFD1-E5115DC76BAC}.Release|Any CPU.ActiveCfg = Release|Any CPU
		{B269FB0E-C0EE-4E08-BFD1-E5115DC76BAC}.Release|Any CPU.Build.0 = Release|Any CPU
		{474D34DB-CE94-43D4-999C-22E701B550E2}.Debug|Any CPU.ActiveCfg = Debug|Any CPU
		{474D34DB-CE94-43D4-999C-22E701B550E2}.Debug|Any CPU.Build.0 = Debug|Any CPU
		{474D34DB-CE94-43D4-999C-22E701B550E2}.Release|Any CPU.ActiveCfg = Release|Any CPU
		{474D34DB-CE94-43D4-999C-22E701B550E2}.Release|Any CPU.Build.0 = Release|Any CPU
	EndGlobalSection
	GlobalSection(SolutionProperties) = preSolution
		HideSolutionNode = FALSE
	EndGlobalSection
	GlobalSection(ExtensibilityGlobals) = postSolution
		SolutionGuid = {9A87D01A-AD3E-4922-9CBB-D6B557D150F0}
	EndGlobalSection
EndGlobal
